
Microsoft Visual Studio Solution File, Format Version 12.00
# Visual Studio 15
VisualStudioVersion = 15.0.28306.52
MinimumVisualStudioVersion = 10.0.40219.1
Project("{9A19103F-16F7-4668-BE54-9A1E7A4F7556}") = "Blazor-RPG-Persona-Server", "Blazor-RPG-Persona-Server\Blazor-RPG-Persona-Server.csproj", "{F1DA50D7-C267-4ACD-8B50-17284B5FC698}"
EndProject
Project("{9A19103F-16F7-4668-BE54-9A1E7A4F7556}") = "Blazor-RPG-Persona-Client", "Blazor-RPG-Persona-Client\Blazor-RPG-Persona-Client.csproj", "{63A33932-DCD5-4E48-A216-B5F7884DF972}"
EndProject
Project("{FAE04EC0-301F-11D3-BF4B-00C04F79EFBC}") = "Blazor-RPG-Persona-Common", "Blazor-RPG-Persona-Common\Blazor-RPG-Persona-Common.csproj", "{8BA4DC7C-63DE-44A5-A8EC-ECF419B388D4}"
EndProject
Global
	GlobalSection(SolutionConfigurationPlatforms) = preSolution
		Debug|Any CPU = Debug|Any CPU
		Release|Any CPU = Release|Any CPU
	EndGlobalSection
	GlobalSection(ProjectConfigurationPlatforms) = postSolution
		{F1DA50D7-C267-4ACD-8B50-17284B5FC698}.Debug|Any CPU.ActiveCfg = Debug|Any CPU
		{F1DA50D7-C267-4ACD-8B50-17284B5FC698}.Debug|Any CPU.Build.0 = Debug|Any CPU
		{F1DA50D7-C267-4ACD-8B50-17284B5FC698}.Release|Any CPU.ActiveCfg = Release|Any CPU
		{F1DA50D7-C267-4ACD-8B50-17284B5FC698}.Release|Any CPU.Build.0 = Release|Any CPU
		{63A33932-DCD5-4E48-A216-B5F7884DF972}.Debug|Any CPU.ActiveCfg = Debug|Any CPU
		{63A33932-DCD5-4E48-A216-B5F7884DF972}.Debug|Any CPU.Build.0 = Debug|Any CPU
		{63A33932-DCD5-4E48-A216-B5F7884DF972}.Release|Any CPU.ActiveCfg = Release|Any CPU
		{63A33932-DCD5-4E48-A216-B5F7884DF972}.Release|Any CPU.Build.0 = Release|Any CPU
		{8BA4DC7C-63DE-44A5-A8EC-ECF419B388D4}.Debug|Any CPU.ActiveCfg = Debug|Any CPU
		{8BA4DC7C-63DE-44A5-A8EC-ECF419B388D4}.Debug|Any CPU.Build.0 = Debug|Any CPU
		{8BA4DC7C-63DE-44A5-A8EC-ECF419B388D4}.Release|Any CPU.ActiveCfg = Release|Any CPU
		{8BA4DC7C-63DE-44A5-A8EC-ECF419B388D4}.Release|Any CPU.Build.0 = Release|Any CPU
	EndGlobalSection
	GlobalSection(SolutionProperties) = preSolution
		HideSolutionNode = FALSE
	EndGlobalSection
	GlobalSection(ExtensibilityGlobals) = postSolution
		SolutionGuid = {FAC13FE6-B4D0-4559-99D0-A0C9AE766D7D}
	EndGlobalSection
EndGlobal
